
Microsoft Visual Studio Solution File, Format Version 12.00
# Visual Studio Version 16
VisualStudioVersion = 16.0.30804.86
MinimumVisualStudioVersion = 10.0.40219.1
Project("{FAE04EC0-301F-11D3-BF4B-00C04F79EFBC}") = "DataAccess", "DataAccess\DataAccess.csproj", "{A558DF3B-93C8-4A8F-B4C8-BA76B083F902}"
EndProject
Project("{FAE04EC0-301F-11D3-BF4B-00C04F79EFBC}") = "Business", "Business\Business.csproj", "{284FC6DF-0ACE-4E5F-AC47-7848BCE65BC0}"
EndProject
Project("{FAE04EC0-301F-11D3-BF4B-00C04F79EFBC}") = "Entities", "Entities\Entities.csproj", "{3D80A24D-74F4-4BAE-BCF3-8E87FC26526F}"
EndProject
Project("{FAE04EC0-301F-11D3-BF4B-00C04F79EFBC}") = "ConsoleUI", "ConsoleUI\ConsoleUI.csproj", "{C3BB2618-C413-4FF0-AE5F-5BB6608E0BB8}"
EndProject
Global
	GlobalSection(SolutionConfigurationPlatforms) = preSolution
		Debug|Any CPU = Debug|Any CPU
		Release|Any CPU = Release|Any CPU
	EndGlobalSection
	GlobalSection(ProjectConfigurationPlatforms) = postSolution
		{A558DF3B-93C8-4A8F-B4C8-BA76B083F902}.Debug|Any CPU.ActiveCfg = Debug|Any CPU
		{A558DF3B-93C8-4A8F-B4C8-BA76B083F902}.Debug|Any CPU.Build.0 = Debug|Any CPU
		{A558DF3B-93C8-4A8F-B4C8-BA76B083F902}.Release|Any CPU.ActiveCfg = Release|Any CPU
		{A558DF3B-93C8-4A8F-B4C8-BA76B083F902}.Release|Any CPU.Build.0 = Release|Any CPU
		{284FC6DF-0ACE-4E5F-AC47-7848BCE65BC0}.Debug|Any CPU.ActiveCfg = Debug|Any CPU
		{284FC6DF-0ACE-4E5F-AC47-7848BCE65BC0}.Debug|Any CPU.Build.0 = Debug|Any CPU
		{284FC6DF-0ACE-4E5F-AC47-7848BCE65BC0}.Release|Any CPU.ActiveCfg = Release|Any CPU
		{284FC6DF-0ACE-4E5F-AC47-7848BCE65BC0}.Release|Any CPU.Build.0 = Release|Any CPU
		{3D80A24D-74F4-4BAE-BCF3-8E87FC26526F}.Debug|Any CPU.ActiveCfg = Debug|Any CPU
		{3D80A24D-74F4-4BAE-BCF3-8E87FC26526F}.Debug|Any CPU.Build.0 = Debug|Any CPU
		{3D80A24D-74F4-4BAE-BCF3-8E87FC26526F}.Release|Any CPU.ActiveCfg = Release|Any CPU
		{3D80A24D-74F4-4BAE-BCF3-8E87FC26526F}.Release|Any CPU.Build.0 = Release|Any CPU
		{C3BB2618-C413-4FF0-AE5F-5BB6608E0BB8}.Debug|Any CPU.ActiveCfg = Debug|Any CPU
		{C3BB2618-C413-4FF0-AE5F-5BB6608E0BB8}.Debug|Any CPU.Build.0 = Debug|Any CPU
		{C3BB2618-C413-4FF0-AE5F-5BB6608E0BB8}.Release|Any CPU.ActiveCfg = Release|Any CPU
		{C3BB2618-C413-4FF0-AE5F-5BB6608E0BB8}.Release|Any CPU.Build.0 = Release|Any CPU
	EndGlobalSection
	GlobalSection(SolutionProperties) = preSolution
		HideSolutionNode = FALSE
	EndGlobalSection
	GlobalSection(ExtensibilityGlobals) = postSolution
		SolutionGuid = {CFC10520-BFB5-4D37-8119-845156236A50}
	EndGlobalSection
EndGlobal
